
Microsoft Visual Studio Solution File, Format Version 12.00
# Visual Studio 2013
VisualStudioVersion = 12.0.21005.1
MinimumVisualStudioVersion = 10.0.40219.1
Project("{FAE04EC0-301F-11D3-BF4B-00C04F79EFBC}") = "Shrestha.Web", "Shrestha.Web\Shrestha.Web.csproj", "{DAF294C2-4452-4A23-8713-7719D7315481}"
EndProject
Global
	GlobalSection(SolutionConfigurationPlatforms) = preSolution
		Debug|Any CPU = Debug|Any CPU
		Release|Any CPU = Release|Any CPU
	EndGlobalSection
	GlobalSection(ProjectConfigurationPlatforms) = postSolution
		{DAF294C2-4452-4A23-8713-7719D7315481}.Debug|Any CPU.ActiveCfg = Debug|Any CPU
		{DAF294C2-4452-4A23-8713-7719D7315481}.Debug|Any CPU.Build.0 = Debug|Any CPU
		{DAF294C2-4452-4A23-8713-7719D7315481}.Release|Any CPU.ActiveCfg = Release|Any CPU
		{DAF294C2-4452-4A23-8713-7719D7315481}.Release|Any CPU.Build.0 = Release|Any CPU
	EndGlobalSection
	GlobalSection(SolutionProperties) = preSolution
		HideSolutionNode = FALSE
	EndGlobalSection
EndGlobal
